
Microsoft Visual Studio Solution File, Format Version 12.00
# Visual Studio Version 16
VisualStudioVersion = 16.0.30413.136
MinimumVisualStudioVersion = 10.0.40219.1
Project("{FAE04EC0-301F-11D3-BF4B-00C04F79EFBC}") = "WorkShop4", "WorkShop2\WorkShop4.csproj", "{EFE4FB78-CF10-4569-B36E-A8694E403FDE}"
EndProject
Global
	GlobalSection(SolutionConfigurationPlatforms) = preSolution
		Debug|Any CPU = Debug|Any CPU
		Release|Any CPU = Release|Any CPU
	EndGlobalSection
	GlobalSection(ProjectConfigurationPlatforms) = postSolution
		{EFE4FB78-CF10-4569-B36E-A8694E403FDE}.Debug|Any CPU.ActiveCfg = Debug|Any CPU
		{EFE4FB78-CF10-4569-B36E-A8694E403FDE}.Debug|Any CPU.Build.0 = Debug|Any CPU
		{EFE4FB78-CF10-4569-B36E-A8694E403FDE}.Release|Any CPU.ActiveCfg = Release|Any CPU
		{EFE4FB78-CF10-4569-B36E-A8694E403FDE}.Release|Any CPU.Build.0 = Release|Any CPU
	EndGlobalSection
	GlobalSection(SolutionProperties) = preSolution
		HideSolutionNode = FALSE
	EndGlobalSection
	GlobalSection(ExtensibilityGlobals) = postSolution
		SolutionGuid = {076DBC2A-32B2-48C4-9FEB-8BDE0AE0CFF2}
	EndGlobalSection
EndGlobal
